{
    "_readme": [
        "This file locks the dependencies of your project to a known state",
        "Read more about it at https://getcomposer.org/doc/01-basic-usage.md#composer-lock-the-lock-file",
        "This file is @generated automatically"
    ],
    "hash": "1ba7e858d1c3b9e2860295fabe20efc4",
    "content-hash": "55b69a1ecabbebb826dba2b1a054a57b",
    "packages": [
        {
            "name": "pda/pheanstalk",
            "version": "v3.1.0",
            "source": {
                "type": "git",
                "url": "https://github.com/pda/pheanstalk.git",
                "reference": "430e77c551479aad0c6ada0450ee844cf656a18b"
            },
            "dist": {
                "type": "zip",
                "url": "https://packagist.phpcomposer.com/files/pda/pheanstalk/430e77c551479aad0c6ada0450ee844cf656a18b.zip",
                "reference": "430e77c551479aad0c6ada0450ee844cf656a18b",
                "shasum": ""
            },
            "require": {
                "php": ">=5.3.0"
            },
            "require-dev": {
                "phpunit/phpunit": "~4.0"
            },
            "type": "library",
            "extra": {
                "branch-alias": {
                    "dev-master": "3.0-dev"
                }
            },
            "autoload": {
                "psr-4": {
                    "Pheanstalk\\": "src/"
                }
            },
            "notification-url": "https://packagist.org/downloads/",
            "license": [
                "MIT"
            ],
            "authors": [
                {
                    "name": "Paul Annesley",
                    "email": "paul@annesley.cc",
                    "homepage": "http://paul.annesley.cc/",
                    "role": "Developer"
                }
            ],
            "description": "PHP client for beanstalkd queue",
            "homepage": "https://github.com/pda/pheanstalk",
            "keywords": [
                "beanstalkd"
            ],
            "time": "2015-08-07 21:42:41"
        }
    ],
    "packages-dev": [
        {
            "name": "phalcon/incubator",
            "version": "dev-master",
            "source": {
                "type": "git",
                "url": "https://github.com/phalcon/incubator.git",
                "reference": "1fbe3750e2710f6dffb936b04e22e2d4f885b76d"
            },
            "dist": {
                "type": "zip",
                "url": "https://packagist.phpcomposer.com/files/phalcon/incubator/1fbe3750e2710f6dffb936b04e22e2d4f885b76d.zip",
                "reference": "1fbe3750e2710f6dffb936b04e22e2d4f885b76d",
                "shasum": ""
            },
            "require": {
                "ext-phalcon": ">=2.0.4",
                "php": ">=5.4",
                "swiftmailer/swiftmailer": "~5.2"
            },
            "require-dev": {
                "codeception/aerospike-module": "^0.1",
                "codeception/codeception": "^2.1",
                "codeception/mockery-module": "^0.2",
                "squizlabs/php_codesniffer": "^2.5"
            },
            "suggest": {
                "duncan3dc/fork-helper": "To use extended class to access the beanstalk queue service",
                "ext-aerospike": "*"
            },
            "type": "library",
            "autoload": {
                "psr-4": {
                    "Phalcon\\": "Library/Phalcon/"
                }
            },
            "notification-url": "https://packagist.org/downloads/",
            "license": [
                "BSD-3-Clause"
            ],
            "authors": [
                {
                    "name": "Phalcon Team",
                    "email": "team@phalconphp.com"
                }
            ],
            "description": "Adapters, prototypes or functionality that can be potentially incorporated to the C-framework.",
            "homepage": "http://phalconphp.com",
            "keywords": [
                "framework",
                "incubator",
                "phalcon"
            ],
            "time": "2016-02-05 19:41:35"
        },
        {
            "name": "swiftmailer/swiftmailer",
            "version": "v5.4.1",
            "source": {
                "type": "git",
                "url": "https://github.com/swiftmailer/swiftmailer.git",
                "reference": "0697e6aa65c83edf97bb0f23d8763f94e3f11421"
            },
            "dist": {
                "type": "zip",
                "url": "https://packagist.phpcomposer.com/files/swiftmailer/swiftmailer/0697e6aa65c83edf97bb0f23d8763f94e3f11421.zip",
                "reference": "0697e6aa65c83edf97bb0f23d8763f94e3f11421",
                "shasum": ""
            },
            "require": {
                "php": ">=5.3.3"
            },
            "require-dev": {
                "mockery/mockery": "~0.9.1,<0.9.4"
            },
            "type": "library",
            "extra": {
                "branch-alias": {
                    "dev-master": "5.4-dev"
                }
            },
            "autoload": {
                "files": [
                    "lib/swift_required.php"
                ]
            },
            "notification-url": "https://packagist.org/downloads/",
            "license": [
                "MIT"
            ],
            "authors": [
                {
                    "name": "Chris Corbyn"
                },
                {
                    "name": "Fabien Potencier",
                    "email": "fabien@symfony.com"
                }
            ],
            "description": "Swiftmailer, free feature-rich PHP mailer",
            "homepage": "http://swiftmailer.org",
            "keywords": [
                "email",
                "mail",
                "mailer"
            ],
            "time": "2015-06-06 14:19:39"
        }
    ],
    "aliases": [],
    "minimum-stability": "stable",
    "stability-flags": {
        "phalcon/incubator": 20
    },
    "prefer-stable": false,
    "prefer-lowest": false,
    "platform": [],
    "platform-dev": []
}
